Microsoft Visual Studio Solution File, Format Version 12.00
# Visual Studio Version 17
VisualStudioVersion = 17.5.2.0
MinimumVisualStudioVersion = 10.0.40219.1
Project("{FAE04EC0-301F-11D3-BF4B-00C04F79EFBC}") = "TinTaMaytoes_Blazor", "TinTaMaytoes_Blazor.csproj", "{B720F6FA-E106-3CC3-A036-FBCF8D67C691}"
EndProject
Global
	GlobalSection(SolutionConfigurationPlatforms) = preSolution
		Debug|Any CPU = Debug|Any CPU
		Release|Any CPU = Release|Any CPU
	EndGlobalSection
	GlobalSection(ProjectConfigurationPlatforms) = postSolution
		{B720F6FA-E106-3CC3-A036-FBCF8D67C691}.Debug|Any CPU.ActiveCfg = Debug|Any CPU
		{B720F6FA-E106-3CC3-A036-FBCF8D67C691}.Debug|Any CPU.Build.0 = Debug|Any CPU
		{B720F6FA-E106-3CC3-A036-FBCF8D67C691}.Release|Any CPU.ActiveCfg = Release|Any CPU
		{B720F6FA-E106-3CC3-A036-FBCF8D67C691}.Release|Any CPU.Build.0 = Release|Any CPU
	EndGlobalSection
	GlobalSection(SolutionProperties) = preSolution
		HideSolutionNode = FALSE
	EndGlobalSection
	GlobalSection(ExtensibilityGlobals) = postSolution
		SolutionGuid = {D686DC4B-6A38-41B0-9761-81B5663A08A3}
	EndGlobalSection
EndGlobal
